
Microsoft Visual Studio Solution File, Format Version 12.00
# Visual Studio Version 17
VisualStudioVersion = 17.7.34024.191
MinimumVisualStudioVersion = 10.0.40219.1
Project("{FAE04EC0-301F-11D3-BF4B-00C04F79EFBC}") = "Lab37", "Lab37\Lab37.csproj", "{4C2FDC6A-4424-4C17-BB92-442781BB5D8E}"
EndProject
Project("{FAE04EC0-301F-11D3-BF4B-00C04F79EFBC}") = "ClassLibrary1", "ClassLibrary1\ClassLibrary1.csproj", "{C7C6DC5E-BAFD-4C51-815E-A5AB7254DCF9}"
EndProject
Global
	GlobalSection(SolutionConfigurationPlatforms) = preSolution
		Debug|Any CPU = Debug|Any CPU
		Release|Any CPU = Release|Any CPU
	EndGlobalSection
	GlobalSection(ProjectConfigurationPlatforms) = postSolution
		{4C2FDC6A-4424-4C17-BB92-442781BB5D8E}.Debug|Any CPU.ActiveCfg = Debug|Any CPU
		{4C2FDC6A-4424-4C17-BB92-442781BB5D8E}.Debug|Any CPU.Build.0 = Debug|Any CPU
		{4C2FDC6A-4424-4C17-BB92-442781BB5D8E}.Release|Any CPU.ActiveCfg = Release|Any CPU
		{4C2FDC6A-4424-4C17-BB92-442781BB5D8E}.Release|Any CPU.Build.0 = Release|Any CPU
		{C7C6DC5E-BAFD-4C51-815E-A5AB7254DCF9}.Debug|Any CPU.ActiveCfg = Debug|Any CPU
		{C7C6DC5E-BAFD-4C51-815E-A5AB7254DCF9}.Debug|Any CPU.Build.0 = Debug|Any CPU
		{C7C6DC5E-BAFD-4C51-815E-A5AB7254DCF9}.Release|Any CPU.ActiveCfg = Release|Any CPU
		{C7C6DC5E-BAFD-4C51-815E-A5AB7254DCF9}.Release|Any CPU.Build.0 = Release|Any CPU
	EndGlobalSection
	GlobalSection(SolutionProperties) = preSolution
		HideSolutionNode = FALSE
	EndGlobalSection
	GlobalSection(ExtensibilityGlobals) = postSolution
		SolutionGuid = {9A1DAB9D-5A54-485A-9CD3-6820A5AC80EB}
	EndGlobalSection
EndGlobal
